
Microsoft Visual Studio Solution File, Format Version 12.00
# Visual Studio 2013
VisualStudioVersion = 12.0.21005.1
MinimumVisualStudioVersion = 10.0.40219.1
Project("{FAE04EC0-301F-11D3-BF4B-00C04F79EFBC}") = "Excel-Add-in-JS-ConsoildatedSalesReport", "Excel-Add-in-JS-ConsoildatedSalesReport\Excel-Add-in-JS-ConsoildatedSalesReport.csproj", "{7177A342-51AE-4737-BFB5-54CDAF8EF729}"
EndProject
Project("{FAE04EC0-301F-11D3-BF4B-00C04F79EFBC}") = "Excel-Add-in-JS-ConsoildatedSalesReportWeb", "Excel-Add-in-JS-ConsoildatedSalesReportWeb\Excel-Add-in-JS-ConsoildatedSalesReportWeb.csproj", "{F7C67E42-6438-4688-AB2B-241C59C62EA8}"
EndProject
Global
	GlobalSection(SolutionConfigurationPlatforms) = preSolution
		Debug|Any CPU = Debug|Any CPU
		Release|Any CPU = Release|Any CPU
	EndGlobalSection
	GlobalSection(ProjectConfigurationPlatforms) = postSolution
		{7177A342-51AE-4737-BFB5-54CDAF8EF729}.Debug|Any CPU.ActiveCfg = Debug|Any CPU
		{7177A342-51AE-4737-BFB5-54CDAF8EF729}.Debug|Any CPU.Build.0 = Debug|Any CPU
		{7177A342-51AE-4737-BFB5-54CDAF8EF729}.Debug|Any CPU.Deploy.0 = Debug|Any CPU
		{7177A342-51AE-4737-BFB5-54CDAF8EF729}.Release|Any CPU.ActiveCfg = Release|Any CPU
		{7177A342-51AE-4737-BFB5-54CDAF8EF729}.Release|Any CPU.Build.0 = Release|Any CPU
		{7177A342-51AE-4737-BFB5-54CDAF8EF729}.Release|Any CPU.Deploy.0 = Release|Any CPU
		{F7C67E42-6438-4688-AB2B-241C59C62EA8}.Debug|Any CPU.ActiveCfg = Debug|Any CPU
		{F7C67E42-6438-4688-AB2B-241C59C62EA8}.Debug|Any CPU.Build.0 = Debug|Any CPU
		{F7C67E42-6438-4688-AB2B-241C59C62EA8}.Release|Any CPU.ActiveCfg = Release|Any CPU
		{F7C67E42-6438-4688-AB2B-241C59C62EA8}.Release|Any CPU.Build.0 = Release|Any CPU
	EndGlobalSection
	GlobalSection(SolutionProperties) = preSolution
		HideSolutionNode = FALSE
	EndGlobalSection
EndGlobal
